
Microsoft Visual Studio Solution File, Format Version 12.00
# Visual Studio Version 17
VisualStudioVersion = 17.12.35527.113
MinimumVisualStudioVersion = 10.0.40219.1
Project("{FAE04EC0-301F-11D3-BF4B-00C04F79EFBC}") = "TaskAPI", "TaskAPI\TaskAPI.csproj", "{DCE7C3D8-0F28-4D93-81B8-9F6464BDB2C8}"
EndProject
Project("{FAE04EC0-301F-11D3-BF4B-00C04F79EFBC}") = "TaskAPI.Tests", "TaskAPI.Tests\TaskAPI.Tests.csproj", "{DF21BEC8-6CFA-4966-9D04-9CB1A94910BE}"
EndProject
Global
	GlobalSection(SolutionConfigurationPlatforms) = preSolution
		Debug|Any CPU = Debug|Any CPU
		Release|Any CPU = Release|Any CPU
	EndGlobalSection
	GlobalSection(ProjectConfigurationPlatforms) = postSolution
		{DCE7C3D8-0F28-4D93-81B8-9F6464BDB2C8}.Debug|Any CPU.ActiveCfg = Debug|Any CPU
		{DCE7C3D8-0F28-4D93-81B8-9F6464BDB2C8}.Debug|Any CPU.Build.0 = Debug|Any CPU
		{DCE7C3D8-0F28-4D93-81B8-9F6464BDB2C8}.Release|Any CPU.ActiveCfg = Release|Any CPU
		{DCE7C3D8-0F28-4D93-81B8-9F6464BDB2C8}.Release|Any CPU.Build.0 = Release|Any CPU
		{DF21BEC8-6CFA-4966-9D04-9CB1A94910BE}.Debug|Any CPU.ActiveCfg = Debug|Any CPU
		{DF21BEC8-6CFA-4966-9D04-9CB1A94910BE}.Debug|Any CPU.Build.0 = Debug|Any CPU
		{DF21BEC8-6CFA-4966-9D04-9CB1A94910BE}.Release|Any CPU.ActiveCfg = Release|Any CPU
		{DF21BEC8-6CFA-4966-9D04-9CB1A94910BE}.Release|Any CPU.Build.0 = Release|Any CPU
	EndGlobalSection
	GlobalSection(SolutionProperties) = preSolution
		HideSolutionNode = FALSE
	EndGlobalSection
	GlobalSection(ExtensibilityGlobals) = postSolution
		SolutionGuid = {977AC453-26D2-4A1A-AA20-46CBC581EC2D}
	EndGlobalSection
EndGlobal
